{
  "name": "clientgo88sfun",
  "lockfileVersion": 2,
  "requires": true,
  "packages": {
    "": {
      "dependencies": {
        "@types/facebook-js-sdk": "^3.3.2"
      }
    },
    "node_modules/@types/facebook-js-sdk": {
      "version": "3.3.2",
      "resolved": "https://registry.npmjs.org/@types/facebook-js-sdk/-/facebook-js-sdk-3.3.2.tgz",
      "integrity": "sha512-s4L1r0lhdSz7Q138pnXU6/0escJCisKAgaIMOPiAOS32OxrdOkRTPXJShEd08jwmrvD3KCpj+kboWiH343n3vg=="
    }
  },
  "dependencies": {
    "@types/facebook-js-sdk": {
      "version": "3.3.2",
      "resolved": "https://registry.npmjs.org/@types/facebook-js-sdk/-/facebook-js-sdk-3.3.2.tgz",
      "integrity": "sha512-s4L1r0lhdSz7Q138pnXU6/0escJCisKAgaIMOPiAOS32OxrdOkRTPXJShEd08jwmrvD3KCpj+kboWiH343n3vg=="
    }
  }
}
